{
  "version": 4,
  "terraform_version": "1.0.5",
  "serial": 49,
  "lineage": "85ded47a-2145-d3d0-f7ff-9bc537cf1dfd",
  "outputs": {
    "testing": {
      "value": "Test this demo code by going to http://myapp-no-ssl.manrodri.com and checking your have a valid SSL cert",
      "type": "string"
    },
    "vpc_id": {
      "value": "vpc-021c9d0c3e4301e1d",
      "type": "string"
    }
  },
  "resources": [
    {
      "mode": "data",
      "type": "aws_ami",
      "name": "ubuntu",
      "provider": "provider[\"registry.terraform.io/hashicorp/aws\"]",
      "instances": [
        {
          "schema_version": 0,
          "attributes": {
            "architecture": "x86_64",
            "arn": "arn:aws:ec2:us-east-1::image/ami-0b0ea68c435eb488d",
            "block_device_mappings": [
              {
                "device_name": "/dev/sda1",
                "ebs": {
                  "delete_on_termination": "true",
                  "encrypted": "false",
                  "iops": "0",
                  "snapshot_id": "snap-0d07aca74085233bf",
                  "throughput": "0",
                  "volume_size": "8",
                  "volume_type": "gp2"
                },
                "no_device": "",
                "virtual_name": ""
              },
              {
                "device_name": "/dev/sdb",
                "ebs": {},
                "no_device": "",
                "virtual_name": "ephemeral0"
              },
              {
                "device_name": "/dev/sdc",
                "ebs": {},
                "no_device": "",
                "virtual_name": "ephemeral1"
              }
            ],
            "creation_date": "2021-09-29T08:19:51.000Z",
            "description": "Canonical, Ubuntu, 16.04 LTS, amd64 xenial image build on 2021-09-28",
            "ena_support": true,
            "executable_users": null,
            "filter": [
              {
                "name": "architecture",
                "values": [
                  "x86_64"
                ]
              },
              {
                "name": "name",
                "values": [
                  "ubuntu/images/hvm-ssd/ubuntu-xenial-16.04-amd64-server*"
                ]
              },
              {
                "name": "root-device-type",
                "values": [
                  "ebs"
                ]
              },
              {
                "name": "virtualization-type",
                "values": [
                  "hvm"
                ]
              }
            ],
            "hypervisor": "xen",
            "id": "ami-0b0ea68c435eb488d",
            "image_id": "ami-0b0ea68c435eb488d",
            "image_location": "099720109477/ubuntu/images/hvm-ssd/ubuntu-xenial-16.04-amd64-server-20210928",
            "image_owner_alias": null,
            "image_type": "machine",
            "kernel_id": null,
            "most_recent": true,
            "name": "ubuntu/images/hvm-ssd/ubuntu-xenial-16.04-amd64-server-20210928",
            "name_regex": null,
            "owner_id": "099720109477",
            "owners": [
              "099720109477"
            ],
            "platform": null,
            "platform_details": "Linux/UNIX",
            "product_codes": [],
            "public": true,
            "ramdisk_id": null,
            "root_device_name": "/dev/sda1",
            "root_device_type": "ebs",
            "root_snapshot_id": "snap-0d07aca74085233bf",
            "sriov_net_support": "simple",
            "state": "available",
            "state_reason": {
              "code": "UNSET",
              "message": "UNSET"
            },
            "tags": {},
            "usage_operation": "RunInstances",
            "virtualization_type": "hvm"
          },
          "sensitive_attributes": []
        }
      ]
    },
    {
      "mode": "data",
      "type": "aws_availability_zones",
      "name": "available",
      "provider": "provider[\"registry.terraform.io/hashicorp/aws\"]",
      "instances": [
        {
          "schema_version": 0,
          "attributes": {
            "all_availability_zones": null,
            "exclude_names": null,
            "exclude_zone_ids": null,
            "filter": null,
            "group_names": [
              "us-east-1"
            ],
            "id": "us-east-1",
            "names": [
              "us-east-1a",
              "us-east-1b",
              "us-east-1c",
              "us-east-1d",
              "us-east-1e",
              "us-east-1f"
            ],
            "state": null,
            "zone_ids": [
              "use1-az1",
              "use1-az2",
              "use1-az4",
              "use1-az6",
              "use1-az3",
              "use1-az5"
            ]
          },
          "sensitive_attributes": []
        }
      ]
    },
    {
      "mode": "data",
      "type": "aws_route53_zone",
      "name": "public",
      "provider": "provider[\"registry.terraform.io/hashicorp/aws\"]",
      "instances": [
        {
          "schema_version": 0,
          "attributes": {
            "arn": "arn:aws:route53:::hostedzone/Z00875533HID909D8QQXX",
            "caller_reference": "98a84b14-8bad-4ce8-8b56-da899a6e4ee5",
            "comment": "",
            "id": "Z00875533HID909D8QQXX",
            "linked_service_description": null,
            "linked_service_principal": null,
            "name": "manrodri.com",
            "name_servers": [
              "ns-1032.awsdns-01.org",
              "ns-292.awsdns-36.com",
              "ns-1910.awsdns-46.co.uk",
              "ns-631.awsdns-14.net"
            ],
            "private_zone": false,
            "resource_record_set_count": 4,
            "tags": {},
            "vpc_id": null,
            "zone_id": "Z00875533HID909D8QQXX"
          },
          "sensitive_attributes": []
        }
      ]
    },
    {
      "mode": "data",
      "type": "template_file",
      "name": "userdata",
      "provider": "provider[\"registry.terraform.io/hashicorp/template\"]",
      "instances": [
        {
          "schema_version": 0,
          "attributes": {
            "filename": null,
            "id": "bd1d3be31bdfcd1980fd1f34b83b9fae20e10f9d621785f71092d4acc9f26015",
            "rendered": "#!/bin/bash\n# Copyright 2016 Amazon.com, Inc. or its affiliates. All Rights Reserved.\n#\n# Licensed under the Apache License, Version 2.0 (the \"License\"). You may not use this file\n# except in compliance with the License. A copy of the License is located at\n#\n#     http://aws.amazon.com/apache2.0/\n#\n# or in the \"license\" file accompanying this file. This file is distributed on an \"AS IS\"\n# BASIS, WITHOUT WARRANTIES OR CONDITIONS OF ANY KIND, either express or implied. See the\n# License for the specific language governing permissions and limitations under the License.\napt-get update\necho hello \u003e /tmp/hello.txt\napt-get install git ansible nginx -y\nsystemctl enable --now nginx\n\n",
            "template": "#!/bin/bash\n# Copyright 2016 Amazon.com, Inc. or its affiliates. All Rights Reserved.\n#\n# Licensed under the Apache License, Version 2.0 (the \"License\"). You may not use this file\n# except in compliance with the License. A copy of the License is located at\n#\n#     http://aws.amazon.com/apache2.0/\n#\n# or in the \"license\" file accompanying this file. This file is distributed on an \"AS IS\"\n# BASIS, WITHOUT WARRANTIES OR CONDITIONS OF ANY KIND, either express or implied. See the\n# License for the specific language governing permissions and limitations under the License.\napt-get update\necho hello \u003e /tmp/hello.txt\napt-get install git ansible nginx -y\nsystemctl enable --now nginx\n\n",
            "vars": {
              "greeting": "Hello world"
            }
          },
          "sensitive_attributes": []
        }
      ]
    },
    {
      "mode": "managed",
      "type": "aws_acm_certificate",
      "name": "myapp",
      "provider": "provider[\"registry.terraform.io/hashicorp/aws\"]",
      "instances": [
        {
          "schema_version": 0,
          "attributes": {
            "arn": "arn:aws:acm:us-east-1:795939032463:certificate/701bafa3-47d5-4077-a03c-8524972262a1",
            "certificate_authority_arn": "",
            "certificate_body": null,
            "certificate_chain": null,
            "domain_name": "myapp-no-ssl.manrodri.com",
            "domain_validation_options": [
              {
                "domain_name": "myapp-no-ssl.manrodri.com",
                "resource_record_name": "_70bb57e5a3e987efce7d8d1342fd1e94.myapp-no-ssl.manrodri.com.",
                "resource_record_type": "CNAME",
                "resource_record_value": "_6254728e23786a322fb9d451400f5bb3.czrmfnbpdk.acm-validations.aws."
              }
            ],
            "id": "arn:aws:acm:us-east-1:795939032463:certificate/701bafa3-47d5-4077-a03c-8524972262a1",
            "options": [
              {
                "certificate_transparency_logging_preference": "ENABLED"
              }
            ],
            "private_key": null,
            "status": "ISSUED",
            "subject_alternative_names": [],
            "tags": {},
            "tags_all": {},
            "validation_emails": [],
            "validation_method": "DNS"
          },
          "sensitive_attributes": [],
          "private": "bnVsbA==",
          "dependencies": [
            "aws_route53_record.myapp",
            "aws_security_group.webapp_http_inbound_sg",
            "aws_security_group.webapp_https_inbound_sg",
            "data.aws_availability_zones.available",
            "module.vpc.aws_vpc.this",
            "aws_alb.webapp_alb",
            "data.aws_route53_zone.public",
            "module.vpc.aws_subnet.public",
            "module.vpc.aws_vpc_ipv4_cidr_block_association.this"
          ],
          "create_before_destroy": true
        }
      ]
    },
    {
      "mode": "managed",
      "type": "aws_acm_certificate_validation",
      "name": "cert",
      "provider": "provider[\"registry.terraform.io/hashicorp/aws\"]",
      "instances": [
        {
          "schema_version": 0,
          "attributes": {
            "certificate_arn": "arn:aws:acm:us-east-1:795939032463:certificate/701bafa3-47d5-4077-a03c-8524972262a1",
            "id": "2021-11-12 09:02:44.402 +0000 UTC",
            "timeouts": null,
            "validation_record_fqdns": [
              "_70bb57e5a3e987efce7d8d1342fd1e94.myapp-no-ssl.manrodri.com"
            ]
          },
          "sensitive_attributes": [],
          "private": "eyJlMmJmYjczMC1lY2FhLTExZTYtOGY4OC0zNDM2M2JjN2M0YzAiOnsiY3JlYXRlIjoyNzAwMDAwMDAwMDAwfX0=",
          "dependencies": [
            "aws_acm_certificate.myapp",
            "aws_alb.webapp_alb",
            "aws_route53_record.cert_validation",
            "data.aws_availability_zones.available",
            "data.aws_route53_zone.public",
            "module.vpc.aws_vpc.this",
            "module.vpc.aws_vpc_ipv4_cidr_block_association.this",
            "aws_route53_record.myapp",
            "aws_security_group.webapp_http_inbound_sg",
            "aws_security_group.webapp_https_inbound_sg",
            "module.vpc.aws_subnet.public"
          ]
        }
      ]
    },
    {
      "mode": "managed",
      "type": "aws_alb",
      "name": "webapp_alb",
      "provider": "provider[\"registry.terraform.io/hashicorp/aws\"]",
      "instances": [
        {
          "schema_version": 0,
          "attributes": {
            "access_logs": [
              {
                "bucket": "",
                "enabled": false,
                "prefix": ""
              }
            ],
            "arn": "arn:aws:elasticloadbalancing:us-east-1:795939032463:loadbalancer/app/tf-lb-20211112085400225700000002/3a3049e161ae1f96",
            "arn_suffix": "app/tf-lb-20211112085400225700000002/3a3049e161ae1f96",
            "customer_owned_ipv4_pool": "",
            "dns_name": "tf-lb-20211112085400225700000002-1329080102.us-east-1.elb.amazonaws.com",
            "drop_invalid_header_fields": false,
            "enable_cross_zone_load_balancing": null,
            "enable_deletion_protection": false,
            "enable_http2": true,
            "id": "arn:aws:elasticloadbalancing:us-east-1:795939032463:loadbalancer/app/tf-lb-20211112085400225700000002/3a3049e161ae1f96",
            "idle_timeout": 60,
            "internal": false,
            "ip_address_type": "ipv4",
            "load_balancer_type": "application",
            "name": "tf-lb-20211112085400225700000002",
            "name_prefix": null,
            "security_groups": [
              "sg-03c95b8d51e1228f0",
              "sg-0951c13e9e9bb8a8c"
            ],
            "subnet_mapping": [
              {
                "allocation_id": "",
                "ipv6_address": "",
                "outpost_id": "",
                "private_ipv4_address": "",
                "subnet_id": "subnet-037e4daf4d4c7fc08"
              },
              {
                "allocation_id": "",
                "ipv6_address": "",
                "outpost_id": "",
                "private_ipv4_address": "",
                "subnet_id": "subnet-0e439d8dd8f30a286"
              }
            ],
            "subnets": [
              "subnet-037e4daf4d4c7fc08",
              "subnet-0e439d8dd8f30a286"
            ],
            "tags": {},
            "tags_all": {},
            "timeouts": null,
            "vpc_id": "vpc-021c9d0c3e4301e1d",
            "zone_id": "Z35SXDOTRQ7X7K"
          },
          "sensitive_attributes": [],
          "private": "eyJlMmJmYjczMC1lY2FhLTExZTYtOGY4OC0zNDM2M2JjN2M0YzAiOnsiY3JlYXRlIjo2MDAwMDAwMDAwMDAsImRlbGV0ZSI6NjAwMDAwMDAwMDAwLCJ1cGRhdGUiOjYwMDAwMDAwMDAwMH19",
          "dependencies": [
            "module.vpc.aws_vpc_ipv4_cidr_block_association.this",
            "aws_security_group.webapp_http_inbound_sg",
            "aws_security_group.webapp_https_inbound_sg",
            "data.aws_availability_zones.available",
            "module.vpc.aws_subnet.public",
            "module.vpc.aws_vpc.this"
          ],
          "create_before_destroy": true
        }
      ]
    },
    {
      "mode": "managed",
      "type": "aws_alb_listener",
      "name": "webapp_elb_http",
      "provider": "provider[\"registry.terraform.io/hashicorp/aws\"]",
      "instances": [
        {
          "schema_version": 0,
          "attributes": {
            "alpn_policy": null,
            "arn": "arn:aws:elasticloadbalancing:us-east-1:795939032463:listener/app/tf-lb-20211112085400225700000002/3a3049e161ae1f96/45fe7b3e2c3c2c08",
            "certificate_arn": null,
            "default_action": [
              {
                "authenticate_cognito": [],
                "authenticate_oidc": [],
                "fixed_response": [],
                "forward": [],
                "order": 1,
                "redirect": [
                  {
                    "host": "#{host}",
                    "path": "/#{path}",
                    "port": "443",
                    "protocol": "HTTPS",
                    "query": "#{query}",
                    "status_code": "HTTP_301"
                  }
                ],
                "target_group_arn": "",
                "type": "redirect"
              }
            ],
            "id": "arn:aws:elasticloadbalancing:us-east-1:795939032463:listener/app/tf-lb-20211112085400225700000002/3a3049e161ae1f96/45fe7b3e2c3c2c08",
            "load_balancer_arn": "arn:aws:elasticloadbalancing:us-east-1:795939032463:loadbalancer/app/tf-lb-20211112085400225700000002/3a3049e161ae1f96",
            "port": 80,
            "protocol": "HTTP",
            "ssl_policy": "",
            "tags": null,
            "tags_all": {},
            "timeouts": null
          },
          "sensitive_attributes": [],
          "private": "eyJlMmJmYjczMC1lY2FhLTExZTYtOGY4OC0zNDM2M2JjN2M0YzAiOnsicmVhZCI6NjAwMDAwMDAwMDAwfX0=",
          "dependencies": [
            "aws_alb.webapp_alb"
          ]
        }
      ]
    },
    {
      "mode": "managed",
      "type": "aws_alb_target_group",
      "name": "webapp_alb_tg",
      "provider": "provider[\"registry.terraform.io/hashicorp/aws\"]",
      "instances": [
        {
          "schema_version": 0,
          "attributes": {
            "arn": "arn:aws:elasticloadbalancing:us-east-1:795939032463:targetgroup/no-ssl-demo-lb-target-group/4bdb76862b9508be",
            "arn_suffix": "targetgroup/no-ssl-demo-lb-target-group/4bdb76862b9508be",
            "deregistration_delay": "300",
            "health_check": [
              {
                "enabled": true,
                "healthy_threshold": 5,
                "interval": 30,
                "matcher": "200",
                "path": "/",
                "port": "traffic-port",
                "protocol": "HTTPS",
                "timeout": 5,
                "unhealthy_threshold": 2
              }
            ],
            "id": "arn:aws:elasticloadbalancing:us-east-1:795939032463:targetgroup/no-ssl-demo-lb-target-group/4bdb76862b9508be",
            "lambda_multi_value_headers_enabled": false,
            "load_balancing_algorithm_type": "round_robin",
            "name": "no-ssl-demo-lb-target-group",
            "name_prefix": null,
            "port": 443,
            "preserve_client_ip": null,
            "protocol": "HTTPS",
            "protocol_version": "HTTP1",
            "proxy_protocol_v2": false,
            "slow_start": 0,
            "stickiness": [
              {
                "cookie_duration": 86400,
                "cookie_name": "",
                "enabled": false,
                "type": "lb_cookie"
              }
            ],
            "tags": {
              "environment": "no-ssl",
              "project_name": "demo-project",
              "team": "Cloud and Hosting"
            },
            "tags_all": {
              "environment": "no-ssl",
              "project_name": "demo-project",
              "team": "Cloud and Hosting"
            },
            "target_type": "instance",
            "vpc_id": "vpc-021c9d0c3e4301e1d"
          },
          "sensitive_attributes": [],
          "private": "bnVsbA==",
          "dependencies": [
            "module.vpc.aws_vpc.this"
          ]
        }
      ]
    },
    {
      "mode": "managed",
      "type": "aws_autoscaling_attachment",
      "name": "webapp_asg_attachment",
      "provider": "provider[\"registry.terraform.io/hashicorp/aws\"]",
      "instances": [
        {
          "schema_version": 0,
          "attributes": {
            "alb_target_group_arn": "arn:aws:elasticloadbalancing:us-east-1:795939032463:targetgroup/no-ssl-demo-lb-target-group/4bdb76862b9508be",
            "autoscaling_group_name": "demo_webapp_asg-no-ssl",
            "elb": null,
            "id": "demo_webapp_asg-no-ssl-20211112091844232800000001"
          },
          "sensitive_attributes": [],
          "private": "bnVsbA==",
          "dependencies": [
            "module.vpc.aws_vpc.this",
            "module.vpc.aws_vpc_ipv4_cidr_block_association.this",
            "data.aws_availability_zones.available",
            "aws_alb_target_group.webapp_alb_tg",
            "aws_autoscaling_group.webapp_asg",
            "aws_launch_configuration.webapp_lc",
            "aws_security_group.webapp_http_inbound_sg",
            "aws_security_group.webapp_https_inbound_sg",
            "aws_security_group.webapp_ssh_inbound_sg",
            "data.aws_ami.ubuntu",
            "module.vpc.aws_subnet.public"
          ]
        }
      ]
    },
    {
      "mode": "managed",
      "type": "aws_autoscaling_group",
      "name": "webapp_asg",
      "provider": "provider[\"registry.terraform.io/hashicorp/aws\"]",
      "instances": [
        {
          "schema_version": 0,
          "attributes": {
            "arn": "arn:aws:autoscaling:us-east-1:795939032463:autoScalingGroup:e42eadf2-5882-40cb-b7f1-6ea1276a7bcc:autoScalingGroupName/demo_webapp_asg-no-ssl",
            "availability_zones": [
              "us-east-1a",
              "us-east-1b"
            ],
            "capacity_rebalance": false,
            "default_cooldown": 300,
            "desired_capacity": 1,
            "enabled_metrics": [],
            "force_delete": true,
            "force_delete_warm_pool": false,
            "health_check_grace_period": 300,
            "health_check_type": "EC2",
            "id": "demo_webapp_asg-no-ssl",
            "initial_lifecycle_hook": [],
            "instance_refresh": [],
            "launch_configuration": "no-ssl-demo-lc20211112085352092100000001",
            "launch_template": [],
            "load_balancers": [],
            "max_instance_lifetime": 0,
            "max_size": 3,
            "metrics_granularity": "1Minute",
            "min_elb_capacity": null,
            "min_size": 1,
            "mixed_instances_policy": [],
            "name": "demo_webapp_asg-no-ssl",
            "name_prefix": "",
            "placement_group": "",
            "protect_from_scale_in": false,
            "service_linked_role_arn": "arn:aws:iam::795939032463:role/aws-service-role/autoscaling.amazonaws.com/AWSServiceRoleForAutoScaling",
            "suspended_processes": [],
            "tag": [
              {
                "key": "environment",
                "propagate_at_launch": true,
                "value": "no-ssl"
              },
              {
                "key": "project_name",
                "propagate_at_launch": true,
                "value": "demo-project"
              },
              {
                "key": "team",
                "propagate_at_launch": true,
                "value": "Cloud and Hosting"
              }
            ],
            "tags": null,
            "target_group_arns": [],
            "termination_policies": [],
            "timeouts": null,
            "vpc_zone_identifier": [
              "subnet-037e4daf4d4c7fc08",
              "subnet-0e439d8dd8f30a286"
            ],
            "wait_for_capacity_timeout": "10m",
            "wait_for_elb_capacity": 1,
            "warm_pool": []
          },
          "sensitive_attributes": [],
          "private": "eyJlMmJmYjczMC1lY2FhLTExZTYtOGY4OC0zNDM2M2JjN2M0YzAiOnsiZGVsZXRlIjo2MDAwMDAwMDAwMDB9fQ==",
          "dependencies": [
            "aws_launch_configuration.webapp_lc",
            "data.aws_availability_zones.available",
            "module.vpc.aws_subnet.public"
          ],
          "create_before_destroy": true
        }
      ]
    },
    {
      "mode": "managed",
      "type": "aws_autoscaling_policy",
      "name": "scale_down",
      "provider": "provider[\"registry.terraform.io/hashicorp/aws\"]",
      "instances": [
        {
          "schema_version": 0,
          "attributes": {
            "adjustment_type": "ChangeInCapacity",
            "arn": "arn:aws:autoscaling:us-east-1:795939032463:scalingPolicy:56899c11-c9a0-485c-b58f-e23bb4f71abb:autoScalingGroupName/demo_webapp_asg-no-ssl:policyName/demo_asg_scale_down-no-ssl",
            "autoscaling_group_name": "demo_webapp_asg-no-ssl",
            "cooldown": 600,
            "estimated_instance_warmup": 0,
            "id": "demo_asg_scale_down-no-ssl",
            "metric_aggregation_type": "",
            "min_adjustment_magnitude": null,
            "name": "demo_asg_scale_down-no-ssl",
            "policy_type": "SimpleScaling",
            "predictive_scaling_configuration": [],
            "scaling_adjustment": -1,
            "step_adjustment": [],
            "target_tracking_configuration": []
          },
          "sensitive_attributes": [],
          "private": "bnVsbA==",
          "dependencies": [
            "module.vpc.aws_vpc.this",
            "aws_security_group.webapp_http_inbound_sg",
            "aws_security_group.webapp_ssh_inbound_sg",
            "data.aws_availability_zones.available",
            "module.vpc.aws_subnet.public",
            "module.vpc.aws_vpc_ipv4_cidr_block_association.this",
            "aws_autoscaling_group.webapp_asg",
            "aws_launch_configuration.webapp_lc",
            "aws_security_group.webapp_https_inbound_sg",
            "data.aws_ami.ubuntu"
          ]
        }
      ]
    },
    {
      "mode": "managed",
      "type": "aws_autoscaling_policy",
      "name": "scale_up",
      "provider": "provider[\"registry.terraform.io/hashicorp/aws\"]",
      "instances": [
        {
          "schema_version": 0,
          "attributes": {
            "adjustment_type": "ChangeInCapacity",
            "arn": "arn:aws:autoscaling:us-east-1:795939032463:scalingPolicy:7da038c7-5010-4998-b817-fb0baed4d1d4:autoScalingGroupName/demo_webapp_asg-no-ssl:policyName/demo_asg_scale_up-no-ssl",
            "autoscaling_group_name": "demo_webapp_asg-no-ssl",
            "cooldown": 300,
            "estimated_instance_warmup": 0,
            "id": "demo_asg_scale_up-no-ssl",
            "metric_aggregation_type": "",
            "min_adjustment_magnitude": null,
            "name": "demo_asg_scale_up-no-ssl",
            "policy_type": "SimpleScaling",
            "predictive_scaling_configuration": [],
            "scaling_adjustment": 2,
            "step_adjustment": [],
            "target_tracking_configuration": []
          },
          "sensitive_attributes": [],
          "private": "bnVsbA==",
          "dependencies": [
            "data.aws_availability_zones.available",
            "module.vpc.aws_subnet.public",
            "aws_autoscaling_group.webapp_asg",
            "aws_launch_configuration.webapp_lc",
            "aws_security_group.webapp_https_inbound_sg",
            "module.vpc.aws_vpc.this",
            "module.vpc.aws_vpc_ipv4_cidr_block_association.this",
            "aws_security_group.webapp_http_inbound_sg",
            "aws_security_group.webapp_ssh_inbound_sg",
            "data.aws_ami.ubuntu"
          ]
        }
      ]
    },
    {
      "mode": "managed",
      "type": "aws_cloudwatch_metric_alarm",
      "name": "scale_down_alarm",
      "provider": "provider[\"registry.terraform.io/hashicorp/aws\"]",
      "instances": [
        {
          "schema_version": 1,
          "attributes": {
            "actions_enabled": true,
            "alarm_actions": [
              "arn:aws:autoscaling:us-east-1:795939032463:scalingPolicy:56899c11-c9a0-485c-b58f-e23bb4f71abb:autoScalingGroupName/demo_webapp_asg-no-ssl:policyName/demo_asg_scale_down-no-ssl"
            ],
            "alarm_description": "EC2 CPU Utilization",
            "alarm_name": "demo-low-asg-cpu-no-ssl",
            "arn": "arn:aws:cloudwatch:us-east-1:795939032463:alarm:demo-low-asg-cpu-no-ssl",
            "comparison_operator": "LessThanThreshold",
            "datapoints_to_alarm": 0,
            "dimensions": {
              "AutoScalingGroupName": "demo_webapp_asg-no-ssl"
            },
            "evaluate_low_sample_count_percentiles": "",
            "evaluation_periods": 5,
            "extended_statistic": "",
            "id": "demo-low-asg-cpu-no-ssl",
            "insufficient_data_actions": [],
            "metric_name": "CPUUtilization",
            "metric_query": [],
            "namespace": "AWS/EC2",
            "ok_actions": [],
            "period": 120,
            "statistic": "Average",
            "tags": {},
            "tags_all": {},
            "threshold": 30,
            "threshold_metric_id": "",
            "treat_missing_data": "missing",
            "unit": ""
          },
          "sensitive_attributes": [],
          "private": "eyJzY2hlbWFfdmVyc2lvbiI6IjEifQ==",
          "dependencies": [
            "module.vpc.aws_subnet.public",
            "module.vpc.aws_vpc.this",
            "aws_autoscaling_policy.scale_down",
            "data.aws_ami.ubuntu",
            "aws_security_group.webapp_http_inbound_sg",
            "aws_security_group.webapp_https_inbound_sg",
            "aws_security_group.webapp_ssh_inbound_sg",
            "data.aws_availability_zones.available",
            "module.vpc.aws_vpc_ipv4_cidr_block_association.this",
            "aws_autoscaling_group.webapp_asg",
            "aws_launch_configuration.webapp_lc"
          ]
        }
      ]
    },
    {
      "mode": "managed",
      "type": "aws_cloudwatch_metric_alarm",
      "name": "scale_up_alarm",
      "provider": "provider[\"registry.terraform.io/hashicorp/aws\"]",
      "instances": [
        {
          "schema_version": 1,
          "attributes": {
            "actions_enabled": true,
            "alarm_actions": [
              "arn:aws:autoscaling:us-east-1:795939032463:scalingPolicy:7da038c7-5010-4998-b817-fb0baed4d1d4:autoScalingGroupName/demo_webapp_asg-no-ssl:policyName/demo_asg_scale_up-no-ssl"
            ],
            "alarm_description": "EC2 CPU Utilization",
            "alarm_name": "demo-high-asg-cpu-no-ssl",
            "arn": "arn:aws:cloudwatch:us-east-1:795939032463:alarm:demo-high-asg-cpu-no-ssl",
            "comparison_operator": "GreaterThanThreshold",
            "datapoints_to_alarm": 0,
            "dimensions": {
              "AutoScalingGroupName": "demo_webapp_asg-no-ssl"
            },
            "evaluate_low_sample_count_percentiles": "",
            "evaluation_periods": 2,
            "extended_statistic": "",
            "id": "demo-high-asg-cpu-no-ssl",
            "insufficient_data_actions": [],
            "metric_name": "CPUUtilization",
            "metric_query": [],
            "namespace": "AWS/EC2",
            "ok_actions": [],
            "period": 120,
            "statistic": "Average",
            "tags": {},
            "tags_all": {},
            "threshold": 80,
            "threshold_metric_id": "",
            "treat_missing_data": "missing",
            "unit": ""
          },
          "sensitive_attributes": [],
          "private": "eyJzY2hlbWFfdmVyc2lvbiI6IjEifQ==",
          "dependencies": [
            "aws_security_group.webapp_https_inbound_sg",
            "data.aws_ami.ubuntu",
            "data.aws_availability_zones.available",
            "module.vpc.aws_subnet.public",
            "aws_autoscaling_group.webapp_asg",
            "aws_autoscaling_policy.scale_up",
            "aws_launch_configuration.webapp_lc",
            "aws_security_group.webapp_http_inbound_sg",
            "aws_security_group.webapp_ssh_inbound_sg",
            "module.vpc.aws_vpc.this",
            "module.vpc.aws_vpc_ipv4_cidr_block_association.this"
          ]
        }
      ]
    },
    {
      "mode": "managed",
      "type": "aws_launch_configuration",
      "name": "webapp_lc",
      "provider": "provider[\"registry.terraform.io/hashicorp/aws\"]",
      "instances": [
        {
          "schema_version": 0,
          "attributes": {
            "arn": "arn:aws:autoscaling:us-east-1:795939032463:launchConfiguration:34f137e8-7c86-4d67-8d1c-3f5e62981201:launchConfigurationName/no-ssl-demo-lc20211112085352092100000001",
            "associate_public_ip_address": true,
            "ebs_block_device": [],
            "ebs_optimized": false,
            "enable_monitoring": true,
            "ephemeral_block_device": [],
            "iam_instance_profile": "",
            "id": "no-ssl-demo-lc20211112085352092100000001",
            "image_id": "ami-0b0ea68c435eb488d",
            "instance_type": "t2.micro",
            "key_name": "devops",
            "metadata_options": [],
            "name": "no-ssl-demo-lc20211112085352092100000001",
            "name_prefix": "no-ssl-demo-lc",
            "placement_tenancy": null,
            "root_block_device": [],
            "security_groups": [
              "sg-00a17f268f7858a91",
              "sg-03c95b8d51e1228f0",
              "sg-0951c13e9e9bb8a8c"
            ],
            "spot_price": "",
            "user_data": "e5656e6b6c393199aaf82d099152f967baa8d541",
            "user_data_base64": null,
            "vpc_classic_link_id": "",
            "vpc_classic_link_security_groups": []
          },
          "sensitive_attributes": [],
          "private": "bnVsbA==",
          "dependencies": [
            "data.aws_ami.ubuntu",
            "module.vpc.aws_vpc.this",
            "aws_security_group.webapp_http_inbound_sg",
            "aws_security_group.webapp_https_inbound_sg",
            "aws_security_group.webapp_ssh_inbound_sg"
          ],
          "create_before_destroy": true
        }
      ]
    },
    {
      "mode": "managed",
      "type": "aws_lb_listener",
      "name": "front_end-ssl",
      "provider": "provider[\"registry.terraform.io/hashicorp/aws\"]",
      "instances": [
        {
          "schema_version": 0,
          "attributes": {
            "alpn_policy": null,
            "arn": "arn:aws:elasticloadbalancing:us-east-1:795939032463:listener/app/tf-lb-20211112085400225700000002/3a3049e161ae1f96/c5ecce9a822c20b2",
            "certificate_arn": "arn:aws:acm:us-east-1:795939032463:certificate/701bafa3-47d5-4077-a03c-8524972262a1",
            "default_action": [
              {
                "authenticate_cognito": [],
                "authenticate_oidc": [],
                "fixed_response": [],
                "forward": [],
                "order": 1,
                "redirect": [],
                "target_group_arn": "arn:aws:elasticloadbalancing:us-east-1:795939032463:targetgroup/no-ssl-demo-lb-target-group/4bdb76862b9508be",
                "type": "forward"
              }
            ],
            "id": "arn:aws:elasticloadbalancing:us-east-1:795939032463:listener/app/tf-lb-20211112085400225700000002/3a3049e161ae1f96/c5ecce9a822c20b2",
            "load_balancer_arn": "arn:aws:elasticloadbalancing:us-east-1:795939032463:loadbalancer/app/tf-lb-20211112085400225700000002/3a3049e161ae1f96",
            "port": 443,
            "protocol": "HTTPS",
            "ssl_policy": "ELBSecurityPolicy-2016-08",
            "tags": null,
            "tags_all": {},
            "timeouts": null
          },
          "sensitive_attributes": [],
          "private": "eyJlMmJmYjczMC1lY2FhLTExZTYtOGY4OC0zNDM2M2JjN2M0YzAiOnsicmVhZCI6NjAwMDAwMDAwMDAwfX0=",
          "dependencies": [
            "aws_acm_certificate.myapp",
            "aws_alb.webapp_alb",
            "aws_alb_target_group.webapp_alb_tg"
          ]
        }
      ]
    },
    {
      "mode": "managed",
      "type": "aws_route53_record",
      "name": "cert_validation",
      "provider": "provider[\"registry.terraform.io/hashicorp/aws\"]",
      "instances": [
        {
          "schema_version": 2,
          "attributes": {
            "alias": [],
            "allow_overwrite": true,
            "failover_routing_policy": [],
            "fqdn": "_70bb57e5a3e987efce7d8d1342fd1e94.myapp-no-ssl.manrodri.com",
            "geolocation_routing_policy": [],
            "health_check_id": "",
            "id": "Z00875533HID909D8QQXX__70bb57e5a3e987efce7d8d1342fd1e94.myapp-no-ssl.manrodri.com._CNAME",
            "latency_routing_policy": [],
            "multivalue_answer_routing_policy": null,
            "name": "_70bb57e5a3e987efce7d8d1342fd1e94.myapp-no-ssl.manrodri.com",
            "records": [
              "_6254728e23786a322fb9d451400f5bb3.czrmfnbpdk.acm-validations.aws."
            ],
            "set_identifier": "",
            "ttl": 60,
            "type": "CNAME",
            "weighted_routing_policy": [],
            "zone_id": "Z00875533HID909D8QQXX"
          },
          "sensitive_attributes": [],
          "private": "eyJzY2hlbWFfdmVyc2lvbiI6IjIifQ==",
          "dependencies": [
            "aws_acm_certificate.myapp",
            "data.aws_availability_zones.available",
            "module.vpc.aws_vpc.this",
            "module.vpc.aws_vpc_ipv4_cidr_block_association.this",
            "module.vpc.aws_subnet.public",
            "aws_alb.webapp_alb",
            "aws_route53_record.myapp",
            "aws_security_group.webapp_http_inbound_sg",
            "aws_security_group.webapp_https_inbound_sg",
            "data.aws_route53_zone.public"
          ]
        }
      ]
    },
    {
      "mode": "managed",
      "type": "aws_route53_record",
      "name": "myapp",
      "provider": "provider[\"registry.terraform.io/hashicorp/aws\"]",
      "instances": [
        {
          "schema_version": 2,
          "attributes": {
            "alias": [
              {
                "evaluate_target_health": false,
                "name": "tf-lb-20211112085400225700000002-1329080102.us-east-1.elb.amazonaws.com",
                "zone_id": "Z35SXDOTRQ7X7K"
              }
            ],
            "allow_overwrite": null,
            "failover_routing_policy": [],
            "fqdn": "myapp-no-ssl.manrodri.com",
            "geolocation_routing_policy": [],
            "health_check_id": "",
            "id": "Z00875533HID909D8QQXX_myapp-no-ssl.manrodri.com_A",
            "latency_routing_policy": [],
            "multivalue_answer_routing_policy": null,
            "name": "myapp-no-ssl.manrodri.com",
            "records": [],
            "set_identifier": "",
            "ttl": 0,
            "type": "A",
            "weighted_routing_policy": [],
            "zone_id": "Z00875533HID909D8QQXX"
          },
          "sensitive_attributes": [],
          "private": "eyJzY2hlbWFfdmVyc2lvbiI6IjIifQ==",
          "dependencies": [
            "module.vpc.aws_vpc_ipv4_cidr_block_association.this",
            "aws_alb.webapp_alb",
            "aws_security_group.webapp_http_inbound_sg",
            "aws_security_group.webapp_https_inbound_sg",
            "data.aws_availability_zones.available",
            "data.aws_route53_zone.public",
            "module.vpc.aws_subnet.public",
            "module.vpc.aws_vpc.this"
          ],
          "create_before_destroy": true
        }
      ]
    },
    {
      "mode": "managed",
      "type": "aws_security_group",
      "name": "rds_sg",
      "provider": "provider[\"registry.terraform.io/hashicorp/aws\"]",
      "instances": [
        {
          "schema_version": 1,
          "attributes": {
            "arn": "arn:aws:ec2:us-east-1:795939032463:security-group/sg-0007d4ac3d91d6baa",
            "description": "Allow inbound from web tier",
            "egress": [
              {
                "cidr_blocks": [
                  "0.0.0.0/0"
                ],
                "description": "",
                "from_port": 0,
                "ipv6_cidr_blocks": [],
                "prefix_list_ids": [],
                "protocol": "-1",
                "security_groups": [],
                "self": false,
                "to_port": 0
              }
            ],
            "id": "sg-0007d4ac3d91d6baa",
            "ingress": [
              {
                "cidr_blocks": [],
                "description": "",
                "from_port": 0,
                "ipv6_cidr_blocks": [],
                "prefix_list_ids": [],
                "protocol": "-1",
                "security_groups": [],
                "self": true,
                "to_port": 0
              },
              {
                "cidr_blocks": [],
                "description": "",
                "from_port": 3306,
                "ipv6_cidr_blocks": [],
                "prefix_list_ids": [],
                "protocol": "tcp",
                "security_groups": [
                  "sg-0951c13e9e9bb8a8c"
                ],
                "self": false,
                "to_port": 3306
              }
            ],
            "name": "demo_rds_inbound",
            "name_prefix": "",
            "owner_id": "795939032463",
            "revoke_rules_on_delete": false,
            "tags": {
              "Name": "demo_rds_inbound"
            },
            "tags_all": {
              "Name": "demo_rds_inbound"
            },
            "timeouts": null,
            "vpc_id": "vpc-021c9d0c3e4301e1d"
          },
          "sensitive_attributes": [],
          "private": "eyJlMmJmYjczMC1lY2FhLTExZTYtOGY4OC0zNDM2M2JjN2M0YzAiOnsiY3JlYXRlIjo2MDAwMDAwMDAwMDAsImRlbGV0ZSI6OTAwMDAwMDAwMDAwfSwic2NoZW1hX3ZlcnNpb24iOiIxIn0=",
          "dependencies": [
            "aws_security_group.webapp_http_inbound_sg",
            "module.vpc.aws_vpc.this"
          ]
        }
      ]
    },
    {
      "mode": "managed",
      "type": "aws_security_group",
      "name": "webapp_http_inbound_sg",
      "provider": "provider[\"registry.terraform.io/hashicorp/aws\"]",
      "instances": [
        {
          "schema_version": 1,
          "attributes": {
            "arn": "arn:aws:ec2:us-east-1:795939032463:security-group/sg-0951c13e9e9bb8a8c",
            "description": "Allow HTTP from Anywhere",
            "egress": [
              {
                "cidr_blocks": [
                  "0.0.0.0/0"
                ],
                "description": "",
                "from_port": 0,
                "ipv6_cidr_blocks": [],
                "prefix_list_ids": [],
                "protocol": "-1",
                "security_groups": [],
                "self": false,
                "to_port": 0
              }
            ],
            "id": "sg-0951c13e9e9bb8a8c",
            "ingress": [
              {
                "cidr_blocks": [
                  "0.0.0.0/0"
                ],
                "description": "",
                "from_port": 80,
                "ipv6_cidr_blocks": [],
                "prefix_list_ids": [],
                "protocol": "tcp",
                "security_groups": [],
                "self": false,
                "to_port": 80
              }
            ],
            "name": "demo_webapp_http_inbound",
            "name_prefix": "",
            "owner_id": "795939032463",
            "revoke_rules_on_delete": false,
            "tags": {
              "Name": "terraform_demo_webapp_http_inbound"
            },
            "tags_all": {
              "Name": "terraform_demo_webapp_http_inbound"
            },
            "timeouts": null,
            "vpc_id": "vpc-021c9d0c3e4301e1d"
          },
          "sensitive_attributes": [],
          "private": "eyJlMmJmYjczMC1lY2FhLTExZTYtOGY4OC0zNDM2M2JjN2M0YzAiOnsiY3JlYXRlIjo2MDAwMDAwMDAwMDAsImRlbGV0ZSI6OTAwMDAwMDAwMDAwfSwic2NoZW1hX3ZlcnNpb24iOiIxIn0=",
          "dependencies": [
            "module.vpc.aws_vpc.this"
          ],
          "create_before_destroy": true
        }
      ]
    },
    {
      "mode": "managed",
      "type": "aws_security_group",
      "name": "webapp_https_inbound_sg",
      "provider": "provider[\"registry.terraform.io/hashicorp/aws\"]",
      "instances": [
        {
          "schema_version": 1,
          "attributes": {
            "arn": "arn:aws:ec2:us-east-1:795939032463:security-group/sg-03c95b8d51e1228f0",
            "description": "Allow TLS inbound traffic",
            "egress": [
              {
                "cidr_blocks": [
                  "0.0.0.0/0"
                ],
                "description": "",
                "from_port": 0,
                "ipv6_cidr_blocks": [],
                "prefix_list_ids": [],
                "protocol": "-1",
                "security_groups": [],
                "self": false,
                "to_port": 0
              }
            ],
            "id": "sg-03c95b8d51e1228f0",
            "ingress": [
              {
                "cidr_blocks": [
                  "0.0.0.0/0"
                ],
                "description": "TLS from VPC",
                "from_port": 443,
                "ipv6_cidr_blocks": [],
                "prefix_list_ids": [],
                "protocol": "tcp",
                "security_groups": [],
                "self": false,
                "to_port": 443
              }
            ],
            "name": "allow_tls",
            "name_prefix": "",
            "owner_id": "795939032463",
            "revoke_rules_on_delete": false,
            "tags": {
              "Name": "terraform_demo_webapp_https_inbound",
              "environment": "no-ssl",
              "project_name": "demo-project",
              "team": "Cloud and Hosting"
            },
            "tags_all": {
              "Name": "terraform_demo_webapp_https_inbound",
              "environment": "no-ssl",
              "project_name": "demo-project",
              "team": "Cloud and Hosting"
            },
            "timeouts": null,
            "vpc_id": "vpc-021c9d0c3e4301e1d"
          },
          "sensitive_attributes": [],
          "private": "eyJlMmJmYjczMC1lY2FhLTExZTYtOGY4OC0zNDM2M2JjN2M0YzAiOnsiY3JlYXRlIjo2MDAwMDAwMDAwMDAsImRlbGV0ZSI6OTAwMDAwMDAwMDAwfSwic2NoZW1hX3ZlcnNpb24iOiIxIn0=",
          "dependencies": [
            "module.vpc.aws_vpc.this"
          ],
          "create_before_destroy": true
        }
      ]
    },
    {
      "mode": "managed",
      "type": "aws_security_group",
      "name": "webapp_ssh_inbound_sg",
      "provider": "provider[\"registry.terraform.io/hashicorp/aws\"]",
      "instances": [
        {
          "schema_version": 1,
          "attributes": {
            "arn": "arn:aws:ec2:us-east-1:795939032463:security-group/sg-00a17f268f7858a91",
            "description": "Allow SSH from certain ranges",
            "egress": [
              {
                "cidr_blocks": [
                  "0.0.0.0/0"
                ],
                "description": "",
                "from_port": 0,
                "ipv6_cidr_blocks": [],
                "prefix_list_ids": [],
                "protocol": "-1",
                "security_groups": [],
                "self": false,
                "to_port": 0
              }
            ],
            "id": "sg-00a17f268f7858a91",
            "ingress": [
              {
                "cidr_blocks": [
                  "0.0.0.0/0"
                ],
                "description": "",
                "from_port": 22,
                "ipv6_cidr_blocks": [],
                "prefix_list_ids": [],
                "protocol": "tcp",
                "security_groups": [],
                "self": false,
                "to_port": 22
              }
            ],
            "name": "demo_webapp_ssh_inbound",
            "name_prefix": "",
            "owner_id": "795939032463",
            "revoke_rules_on_delete": false,
            "tags": {
              "Name": "terraform_demo_webapp_ssh_inbound",
              "environment": "no-ssl",
              "project_name": "demo-project",
              "team": "Cloud and Hosting"
            },
            "tags_all": {
              "Name": "terraform_demo_webapp_ssh_inbound",
              "environment": "no-ssl",
              "project_name": "demo-project",
              "team": "Cloud and Hosting"
            },
            "timeouts": null,
            "vpc_id": "vpc-021c9d0c3e4301e1d"
          },
          "sensitive_attributes": [],
          "private": "eyJlMmJmYjczMC1lY2FhLTExZTYtOGY4OC0zNDM2M2JjN2M0YzAiOnsiY3JlYXRlIjo2MDAwMDAwMDAwMDAsImRlbGV0ZSI6OTAwMDAwMDAwMDAwfSwic2NoZW1hX3ZlcnNpb24iOiIxIn0=",
          "dependencies": [
            "module.vpc.aws_vpc.this"
          ],
          "create_before_destroy": true
        }
      ]
    },
    {
      "module": "module.vpc",
      "mode": "managed",
      "type": "aws_internet_gateway",
      "name": "this",
      "provider": "provider[\"registry.terraform.io/hashicorp/aws\"]",
      "instances": [
        {
          "index_key": 0,
          "schema_version": 0,
          "attributes": {
            "arn": "arn:aws:ec2:us-east-1:795939032463:internet-gateway/igw-0e0b733067d28db6f",
            "id": "igw-0e0b733067d28db6f",
            "owner_id": "795939032463",
            "tags": {
              "Name": "demo-project-no-ssl}",
              "environment": "no-ssl",
              "project_name": "demo-project",
              "team": "Cloud and Hosting"
            },
            "tags_all": {
              "Name": "demo-project-no-ssl}",
              "environment": "no-ssl",
              "project_name": "demo-project",
              "team": "Cloud and Hosting"
            },
            "vpc_id": "vpc-021c9d0c3e4301e1d"
          },
          "sensitive_attributes": [],
          "private": "bnVsbA==",
          "dependencies": [
            "module.vpc.aws_vpc.this",
            "module.vpc.aws_vpc_ipv4_cidr_block_association.this"
          ]
        }
      ]
    },
    {
      "module": "module.vpc",
      "mode": "managed",
      "type": "aws_route",
      "name": "public_internet_gateway",
      "provider": "provider[\"registry.terraform.io/hashicorp/aws\"]",
      "instances": [
        {
          "index_key": 0,
          "schema_version": 0,
          "attributes": {
            "carrier_gateway_id": "",
            "destination_cidr_block": "0.0.0.0/0",
            "destination_ipv6_cidr_block": "",
            "destination_prefix_list_id": "",
            "egress_only_gateway_id": "",
            "gateway_id": "igw-0e0b733067d28db6f",
            "id": "r-rtb-039d46dcbbeb6dd181080289494",
            "instance_id": "",
            "instance_owner_id": "",
            "local_gateway_id": "",
            "nat_gateway_id": "",
            "network_interface_id": "",
            "origin": "CreateRoute",
            "route_table_id": "rtb-039d46dcbbeb6dd18",
            "state": "active",
            "timeouts": {
              "create": "5m",
              "delete": null,
              "update": null
            },
            "transit_gateway_id": "",
            "vpc_endpoint_id": "",
            "vpc_peering_connection_id": ""
          },
          "sensitive_attributes": [],
          "private": "eyJlMmJmYjczMC1lY2FhLTExZTYtOGY4OC0zNDM2M2JjN2M0YzAiOnsiY3JlYXRlIjozMDAwMDAwMDAwMDAsImRlbGV0ZSI6MzAwMDAwMDAwMDAwLCJ1cGRhdGUiOjEyMDAwMDAwMDAwMH19",
          "dependencies": [
            "module.vpc.aws_internet_gateway.this",
            "module.vpc.aws_route_table.public",
            "module.vpc.aws_vpc.this",
            "module.vpc.aws_vpc_ipv4_cidr_block_association.this"
          ]
        }
      ]
    },
    {
      "module": "module.vpc",
      "mode": "managed",
      "type": "aws_route_table",
      "name": "private",
      "provider": "provider[\"registry.terraform.io/hashicorp/aws\"]",
      "instances": [
        {
          "index_key": 0,
          "schema_version": 0,
          "attributes": {
            "arn": "arn:aws:ec2:us-east-1:795939032463:route-table/rtb-00396f9e39614debe",
            "id": "rtb-00396f9e39614debe",
            "owner_id": "795939032463",
            "propagating_vgws": [],
            "route": [],
            "tags": {
              "Name": "demo-project-no-ssl}-private-us-east-1a",
              "environment": "no-ssl",
              "project_name": "demo-project",
              "team": "Cloud and Hosting"
            },
            "tags_all": {
              "Name": "demo-project-no-ssl}-private-us-east-1a",
              "environment": "no-ssl",
              "project_name": "demo-project",
              "team": "Cloud and Hosting"
            },
            "timeouts": null,
            "vpc_id": "vpc-021c9d0c3e4301e1d"
          },
          "sensitive_attributes": [],
          "private": "eyJlMmJmYjczMC1lY2FhLTExZTYtOGY4OC0zNDM2M2JjN2M0YzAiOnsiY3JlYXRlIjoxMjAwMDAwMDAwMDAsImRlbGV0ZSI6MzAwMDAwMDAwMDAwLCJ1cGRhdGUiOjEyMDAwMDAwMDAwMH19",
          "dependencies": [
            "data.aws_availability_zones.available",
            "module.vpc.aws_vpc.this",
            "module.vpc.aws_vpc_ipv4_cidr_block_association.this"
          ]
        },
        {
          "index_key": 1,
          "schema_version": 0,
          "attributes": {
            "arn": "arn:aws:ec2:us-east-1:795939032463:route-table/rtb-01a2cb4fa1ba218ee",
            "id": "rtb-01a2cb4fa1ba218ee",
            "owner_id": "795939032463",
            "propagating_vgws": [],
            "route": [],
            "tags": {
              "Name": "demo-project-no-ssl}-private-us-east-1b",
              "environment": "no-ssl",
              "project_name": "demo-project",
              "team": "Cloud and Hosting"
            },
            "tags_all": {
              "Name": "demo-project-no-ssl}-private-us-east-1b",
              "environment": "no-ssl",
              "project_name": "demo-project",
              "team": "Cloud and Hosting"
            },
            "timeouts": null,
            "vpc_id": "vpc-021c9d0c3e4301e1d"
          },
          "sensitive_attributes": [],
          "private": "eyJlMmJmYjczMC1lY2FhLTExZTYtOGY4OC0zNDM2M2JjN2M0YzAiOnsiY3JlYXRlIjoxMjAwMDAwMDAwMDAsImRlbGV0ZSI6MzAwMDAwMDAwMDAwLCJ1cGRhdGUiOjEyMDAwMDAwMDAwMH19",
          "dependencies": [
            "data.aws_availability_zones.available",
            "module.vpc.aws_vpc.this",
            "module.vpc.aws_vpc_ipv4_cidr_block_association.this"
          ]
        }
      ]
    },
    {
      "module": "module.vpc",
      "mode": "managed",
      "type": "aws_route_table",
      "name": "public",
      "provider": "provider[\"registry.terraform.io/hashicorp/aws\"]",
      "instances": [
        {
          "index_key": 0,
          "schema_version": 0,
          "attributes": {
            "arn": "arn:aws:ec2:us-east-1:795939032463:route-table/rtb-039d46dcbbeb6dd18",
            "id": "rtb-039d46dcbbeb6dd18",
            "owner_id": "795939032463",
            "propagating_vgws": [],
            "route": [
              {
                "carrier_gateway_id": "",
                "cidr_block": "0.0.0.0/0",
                "destination_prefix_list_id": "",
                "egress_only_gateway_id": "",
                "gateway_id": "igw-0e0b733067d28db6f",
                "instance_id": "",
                "ipv6_cidr_block": "",
                "local_gateway_id": "",
                "nat_gateway_id": "",
                "network_interface_id": "",
                "transit_gateway_id": "",
                "vpc_endpoint_id": "",
                "vpc_peering_connection_id": ""
              }
            ],
            "tags": {
              "Name": "demo-project-no-ssl}-public",
              "environment": "no-ssl",
              "project_name": "demo-project",
              "team": "Cloud and Hosting"
            },
            "tags_all": {
              "Name": "demo-project-no-ssl}-public",
              "environment": "no-ssl",
              "project_name": "demo-project",
              "team": "Cloud and Hosting"
            },
            "timeouts": null,
            "vpc_id": "vpc-021c9d0c3e4301e1d"
          },
          "sensitive_attributes": [],
          "private": "eyJlMmJmYjczMC1lY2FhLTExZTYtOGY4OC0zNDM2M2JjN2M0YzAiOnsiY3JlYXRlIjoxMjAwMDAwMDAwMDAsImRlbGV0ZSI6MzAwMDAwMDAwMDAwLCJ1cGRhdGUiOjEyMDAwMDAwMDAwMH19",
          "dependencies": [
            "module.vpc.aws_vpc.this",
            "module.vpc.aws_vpc_ipv4_cidr_block_association.this"
          ]
        }
      ]
    },
    {
      "module": "module.vpc",
      "mode": "managed",
      "type": "aws_route_table_association",
      "name": "private",
      "provider": "provider[\"registry.terraform.io/hashicorp/aws\"]",
      "instances": [
        {
          "index_key": 0,
          "schema_version": 0,
          "attributes": {
            "gateway_id": "",
            "id": "rtbassoc-0f9e1d1f34281b461",
            "route_table_id": "rtb-00396f9e39614debe",
            "subnet_id": "subnet-06ad66400f80dc930"
          },
          "sensitive_attributes": [],
          "private": "bnVsbA==",
          "dependencies": [
            "module.vpc.aws_route_table.private",
            "module.vpc.aws_subnet.private",
            "module.vpc.aws_vpc.this",
            "module.vpc.aws_vpc_ipv4_cidr_block_association.this",
            "data.aws_availability_zones.available"
          ]
        },
        {
          "index_key": 1,
          "schema_version": 0,
          "attributes": {
            "gateway_id": "",
            "id": "rtbassoc-0a1de557bfe5afbc9",
            "route_table_id": "rtb-01a2cb4fa1ba218ee",
            "subnet_id": "subnet-0f3547336f41ddf20"
          },
          "sensitive_attributes": [],
          "private": "bnVsbA==",
          "dependencies": [
            "module.vpc.aws_vpc.this",
            "module.vpc.aws_vpc_ipv4_cidr_block_association.this",
            "data.aws_availability_zones.available",
            "module.vpc.aws_route_table.private",
            "module.vpc.aws_subnet.private"
          ]
        }
      ]
    },
    {
      "module": "module.vpc",
      "mode": "managed",
      "type": "aws_route_table_association",
      "name": "public",
      "provider": "provider[\"registry.terraform.io/hashicorp/aws\"]",
      "instances": [
        {
          "index_key": 0,
          "schema_version": 0,
          "attributes": {
            "gateway_id": "",
            "id": "rtbassoc-0ed2cdd499c6bc839",
            "route_table_id": "rtb-039d46dcbbeb6dd18",
            "subnet_id": "subnet-0e439d8dd8f30a286"
          },
          "sensitive_attributes": [],
          "private": "bnVsbA==",
          "dependencies": [
            "module.vpc.aws_route_table.public",
            "module.vpc.aws_subnet.public",
            "module.vpc.aws_vpc.this",
            "module.vpc.aws_vpc_ipv4_cidr_block_association.this",
            "data.aws_availability_zones.available"
          ]
        },
        {
          "index_key": 1,
          "schema_version": 0,
          "attributes": {
            "gateway_id": "",
            "id": "rtbassoc-0ee7cb07d7e7e517a",
            "route_table_id": "rtb-039d46dcbbeb6dd18",
            "subnet_id": "subnet-037e4daf4d4c7fc08"
          },
          "sensitive_attributes": [],
          "private": "bnVsbA==",
          "dependencies": [
            "module.vpc.aws_vpc_ipv4_cidr_block_association.this",
            "data.aws_availability_zones.available",
            "module.vpc.aws_route_table.public",
            "module.vpc.aws_subnet.public",
            "module.vpc.aws_vpc.this"
          ]
        }
      ]
    },
    {
      "module": "module.vpc",
      "mode": "managed",
      "type": "aws_subnet",
      "name": "private",
      "provider": "provider[\"registry.terraform.io/hashicorp/aws\"]",
      "instances": [
        {
          "index_key": 0,
          "schema_version": 1,
          "attributes": {
            "arn": "arn:aws:ec2:us-east-1:795939032463:subnet/subnet-06ad66400f80dc930",
            "assign_ipv6_address_on_creation": false,
            "availability_zone": "us-east-1a",
            "availability_zone_id": "use1-az1",
            "cidr_block": "10.0.3.0/24",
            "customer_owned_ipv4_pool": "",
            "id": "subnet-06ad66400f80dc930",
            "ipv6_cidr_block": "",
            "ipv6_cidr_block_association_id": "",
            "map_customer_owned_ip_on_launch": false,
            "map_public_ip_on_launch": false,
            "outpost_arn": "",
            "owner_id": "795939032463",
            "tags": {
              "Name": "demo-project-no-ssl}-private-us-east-1a",
              "environment": "no-ssl",
              "project_name": "demo-project",
              "team": "Cloud and Hosting"
            },
            "tags_all": {
              "Name": "demo-project-no-ssl}-private-us-east-1a",
              "environment": "no-ssl",
              "project_name": "demo-project",
              "team": "Cloud and Hosting"
            },
            "timeouts": null,
            "vpc_id": "vpc-021c9d0c3e4301e1d"
          },
          "sensitive_attributes": [],
          "private": "eyJlMmJmYjczMC1lY2FhLTExZTYtOGY4OC0zNDM2M2JjN2M0YzAiOnsiY3JlYXRlIjo2MDAwMDAwMDAwMDAsImRlbGV0ZSI6MTIwMDAwMDAwMDAwMH0sInNjaGVtYV92ZXJzaW9uIjoiMSJ9",
          "dependencies": [
            "module.vpc.aws_vpc_ipv4_cidr_block_association.this",
            "data.aws_availability_zones.available",
            "module.vpc.aws_vpc.this"
          ]
        },
        {
          "index_key": 1,
          "schema_version": 1,
          "attributes": {
            "arn": "arn:aws:ec2:us-east-1:795939032463:subnet/subnet-0f3547336f41ddf20",
            "assign_ipv6_address_on_creation": false,
            "availability_zone": "us-east-1b",
            "availability_zone_id": "use1-az2",
            "cidr_block": "10.0.4.0/24",
            "customer_owned_ipv4_pool": "",
            "id": "subnet-0f3547336f41ddf20",
            "ipv6_cidr_block": "",
            "ipv6_cidr_block_association_id": "",
            "map_customer_owned_ip_on_launch": false,
            "map_public_ip_on_launch": false,
            "outpost_arn": "",
            "owner_id": "795939032463",
            "tags": {
              "Name": "demo-project-no-ssl}-private-us-east-1b",
              "environment": "no-ssl",
              "project_name": "demo-project",
              "team": "Cloud and Hosting"
            },
            "tags_all": {
              "Name": "demo-project-no-ssl}-private-us-east-1b",
              "environment": "no-ssl",
              "project_name": "demo-project",
              "team": "Cloud and Hosting"
            },
            "timeouts": null,
            "vpc_id": "vpc-021c9d0c3e4301e1d"
          },
          "sensitive_attributes": [],
          "private": "eyJlMmJmYjczMC1lY2FhLTExZTYtOGY4OC0zNDM2M2JjN2M0YzAiOnsiY3JlYXRlIjo2MDAwMDAwMDAwMDAsImRlbGV0ZSI6MTIwMDAwMDAwMDAwMH0sInNjaGVtYV92ZXJzaW9uIjoiMSJ9",
          "dependencies": [
            "module.vpc.aws_vpc.this",
            "module.vpc.aws_vpc_ipv4_cidr_block_association.this",
            "data.aws_availability_zones.available"
          ]
        }
      ]
    },
    {
      "module": "module.vpc",
      "mode": "managed",
      "type": "aws_subnet",
      "name": "public",
      "provider": "provider[\"registry.terraform.io/hashicorp/aws\"]",
      "instances": [
        {
          "index_key": 0,
          "schema_version": 1,
          "attributes": {
            "arn": "arn:aws:ec2:us-east-1:795939032463:subnet/subnet-0e439d8dd8f30a286",
            "assign_ipv6_address_on_creation": false,
            "availability_zone": "us-east-1a",
            "availability_zone_id": "use1-az1",
            "cidr_block": "10.0.1.0/24",
            "customer_owned_ipv4_pool": "",
            "id": "subnet-0e439d8dd8f30a286",
            "ipv6_cidr_block": "",
            "ipv6_cidr_block_association_id": "",
            "map_customer_owned_ip_on_launch": false,
            "map_public_ip_on_launch": true,
            "outpost_arn": "",
            "owner_id": "795939032463",
            "tags": {
              "Name": "demo-project-no-ssl}-public-us-east-1a",
              "environment": "no-ssl",
              "project_name": "demo-project",
              "team": "Cloud and Hosting"
            },
            "tags_all": {
              "Name": "demo-project-no-ssl}-public-us-east-1a",
              "environment": "no-ssl",
              "project_name": "demo-project",
              "team": "Cloud and Hosting"
            },
            "timeouts": null,
            "vpc_id": "vpc-021c9d0c3e4301e1d"
          },
          "sensitive_attributes": [],
          "private": "eyJlMmJmYjczMC1lY2FhLTExZTYtOGY4OC0zNDM2M2JjN2M0YzAiOnsiY3JlYXRlIjo2MDAwMDAwMDAwMDAsImRlbGV0ZSI6MTIwMDAwMDAwMDAwMH0sInNjaGVtYV92ZXJzaW9uIjoiMSJ9",
          "dependencies": [
            "data.aws_availability_zones.available",
            "module.vpc.aws_vpc.this",
            "module.vpc.aws_vpc_ipv4_cidr_block_association.this"
          ],
          "create_before_destroy": true
        },
        {
          "index_key": 1,
          "schema_version": 1,
          "attributes": {
            "arn": "arn:aws:ec2:us-east-1:795939032463:subnet/subnet-037e4daf4d4c7fc08",
            "assign_ipv6_address_on_creation": false,
            "availability_zone": "us-east-1b",
            "availability_zone_id": "use1-az2",
            "cidr_block": "10.0.2.0/24",
            "customer_owned_ipv4_pool": "",
            "id": "subnet-037e4daf4d4c7fc08",
            "ipv6_cidr_block": "",
            "ipv6_cidr_block_association_id": "",
            "map_customer_owned_ip_on_launch": false,
            "map_public_ip_on_launch": true,
            "outpost_arn": "",
            "owner_id": "795939032463",
            "tags": {
              "Name": "demo-project-no-ssl}-public-us-east-1b",
              "environment": "no-ssl",
              "project_name": "demo-project",
              "team": "Cloud and Hosting"
            },
            "tags_all": {
              "Name": "demo-project-no-ssl}-public-us-east-1b",
              "environment": "no-ssl",
              "project_name": "demo-project",
              "team": "Cloud and Hosting"
            },
            "timeouts": null,
            "vpc_id": "vpc-021c9d0c3e4301e1d"
          },
          "sensitive_attributes": [],
          "private": "eyJlMmJmYjczMC1lY2FhLTExZTYtOGY4OC0zNDM2M2JjN2M0YzAiOnsiY3JlYXRlIjo2MDAwMDAwMDAwMDAsImRlbGV0ZSI6MTIwMDAwMDAwMDAwMH0sInNjaGVtYV92ZXJzaW9uIjoiMSJ9",
          "dependencies": [
            "module.vpc.aws_vpc.this",
            "module.vpc.aws_vpc_ipv4_cidr_block_association.this",
            "data.aws_availability_zones.available"
          ],
          "create_before_destroy": true
        }
      ]
    },
    {
      "module": "module.vpc",
      "mode": "managed",
      "type": "aws_vpc",
      "name": "this",
      "provider": "provider[\"registry.terraform.io/hashicorp/aws\"]",
      "instances": [
        {
          "index_key": 0,
          "schema_version": 1,
          "attributes": {
            "arn": "arn:aws:ec2:us-east-1:795939032463:vpc/vpc-021c9d0c3e4301e1d",
            "assign_generated_ipv6_cidr_block": false,
            "cidr_block": "10.0.0.0/16",
            "default_network_acl_id": "acl-01a504cdb264d16c4",
            "default_route_table_id": "rtb-01bf45f7b3a971d36",
            "default_security_group_id": "sg-0ef270bfd67f91594",
            "dhcp_options_id": "dopt-09cd59fb91d3442a4",
            "enable_classiclink": false,
            "enable_classiclink_dns_support": false,
            "enable_dns_hostnames": false,
            "enable_dns_support": true,
            "id": "vpc-021c9d0c3e4301e1d",
            "instance_tenancy": "default",
            "ipv6_association_id": "",
            "ipv6_cidr_block": "",
            "main_route_table_id": "rtb-01bf45f7b3a971d36",
            "owner_id": "795939032463",
            "tags": {
              "Name": "demo-project-no-ssl}",
              "environment": "no-ssl",
              "project_name": "demo-project",
              "team": "Cloud and Hosting"
            },
            "tags_all": {
              "Name": "demo-project-no-ssl}",
              "environment": "no-ssl",
              "project_name": "demo-project",
              "team": "Cloud and Hosting"
            }
          },
          "sensitive_attributes": [],
          "private": "eyJzY2hlbWFfdmVyc2lvbiI6IjEifQ==",
          "create_before_destroy": true
        }
      ]
    }
  ]
}
